uuid: 31a48c77-3836-4574-9aed-0976111fd453
langcode: en
status: false
dependencies:
  content:
    - 'block_content:basic:d281bd28-5a4b-4f74-8b79-7d9d94e1b0b5'
  module:
    - block_content
    - ctools
  theme:
    - bootstrap_subtheme
id: tweeterblock
theme: bootstrap_subtheme
region: navigation
weight: 7
provider: null
plugin: 'block_content:d281bd28-5a4b-4f74-8b79-7d9d94e1b0b5'
settings:
  id: 'block_content:d281bd28-5a4b-4f74-8b79-7d9d94e1b0b5'
  label: 'Tweeter Block'
  provider: block_content
  label_display: visible
  status: true
  info: ''
  view_mode: full
visibility:
  'entity_bundle:media':
    id: 'entity_bundle:media'
    bundles:
      tweet: tweet
    negate: false
    context_mapping: {  }
