uuid: acee12d1-bd0a-45f8-8006-431f31880cff
langcode: en
status: true
dependencies:
  content:
    - 'block_content:basic:0cf0d953-a530-4e94-bdcc-f083eee5f1b2'
  module:
    - block_content
    - system
  theme:
    - bootstrap_subtheme
id: icrpdatabasesearchblock
theme: bootstrap_subtheme
region: content
weight: -24
provider: null
plugin: 'block_content:0cf0d953-a530-4e94-bdcc-f083eee5f1b2'
settings:
  id: 'block_content:0cf0d953-a530-4e94-bdcc-f083eee5f1b2'
  label: 'Search and Analyze ICRP Database'
  provider: block_content
  label_display: visible
  status: true
  info: ''
  view_mode: full
visibility:
  request_path:
    id: request_path
    pages: /db
    negate: false
    context_mapping: {  }
