uuid: c3eab0ca-0ef7-4395-b2a0-873a5764a4dd
langcode: en
status: false
dependencies:
  module:
    - user
  theme:
    - bootstrap_subtheme
id: adminblock
theme: bootstrap_subtheme
region: navigation
weight: -26
provider: null
plugin: 'snippet:admin_block'
settings:
  id: 'snippet:admin_block'
  label: 'Admin Block'
  provider: snippet_manager
  label_display: visible
visibility:
  user_role:
    id: user_role
    roles:
      administrator: administrator
    negate: false
    context_mapping:
      user: '@user.current_user_context:current_user'
