uuid: 6b0bb75e-9f2b-4e07-a570-45a9c0b46233
langcode: en
status: true
dependencies: {  }
id: admin_block
label: 'Admin Block'
code:
  value: "{{current-date.html_datetime}}\r\nPage number  current-page:page-number : The page number of the current page when viewing paged lists.<br>\r\nQuery string value \t[current-page:query:?] \tThe value of a specific query string field of the current page.<br>\r\nTitle \t[current-page:title] \tThe title of the current page.<br>\r\nURL \t[current-page:url] \tThe URL of the current page.<br>\r\n\r\n\r\n\r\n\r\n\r\n\r\n\r\n"
  format: snippet_manager_test_restricted_format
variables: {  }
page:
  status: false
  url_alias: ''
  display_variant:
    id: block_display
    configuration:
      page_title: 'Admin Sandbox Block'
      uuid: 849dc32b-0633-4fdf-80ec-3d744eef6605
  theme: ''
